
Microsoft Visual Studio Solution File, Format Version 12.00
# Visual Studio Version 17
VisualStudioVersion = 17.7.34031.279
MinimumVisualStudioVersion = 10.0.40219.1
Project("{8BC9CEB8-8B4A-11D0-8D11-00A0C91BC942}") = "task", "task.vcxproj", "{DB85B9F6-C1BF-4DC1-99AA-A4C3FA3392BD}"
EndProject
Global
	GlobalSection(SolutionConfigurationPlatforms) = preSolution
		Debug|x64 = Debug|x64
		Debug|x86 = Debug|x86
		Release|x64 = Release|x64
		Release|x86 = Release|x86
	EndGlobalSection
	GlobalSection(ProjectConfigurationPlatforms) = postSolution
		{DB85B9F6-C1BF-4DC1-99AA-A4C3FA3392BD}.Debug|x64.ActiveCfg = Debug|x64
		{DB85B9F6-C1BF-4DC1-99AA-A4C3FA3392BD}.Debug|x64.Build.0 = Debug|x64
		{DB85B9F6-C1BF-4DC1-99AA-A4C3FA3392BD}.Debug|x86.ActiveCfg = Debug|Win32
		{DB85B9F6-C1BF-4DC1-99AA-A4C3FA3392BD}.Debug|x86.Build.0 = Debug|Win32
		{DB85B9F6-C1BF-4DC1-99AA-A4C3FA3392BD}.Release|x64.ActiveCfg = Release|x64
		{DB85B9F6-C1BF-4DC1-99AA-A4C3FA3392BD}.Release|x64.Build.0 = Release|x64
		{DB85B9F6-C1BF-4DC1-99AA-A4C3FA3392BD}.Release|x86.ActiveCfg = Release|Win32
		{DB85B9F6-C1BF-4DC1-99AA-A4C3FA3392BD}.Release|x86.Build.0 = Release|Win32
	EndGlobalSection
	GlobalSection(SolutionProperties) = preSolution
		HideSolutionNode = FALSE
	EndGlobalSection
	GlobalSection(ExtensibilityGlobals) = postSolution
		SolutionGuid = {A502CBB6-9EA5-4DBD-A0A9-936B5AF755B8}
	EndGlobalSection
EndGlobal
